PODS:
  - NTLBridge (3.1.2)
  - SnapKit (5.6.0)
  - SyncPlayer (0.1.0)
  - Whiteboard (2.16.24):
    - Whiteboard/Whiteboard-YYModel (= 2.16.24)
  - Whiteboard/Base (2.16.24):
    - NTLBridge (~> 3.1.2)
    - Whiteboard/Object
  - Whiteboard/Converter (2.16.24):
    - Whiteboard/Object
  - Whiteboard/Model (2.16.24):
    - YYModel
  - Whiteboard/NativeReplayer (2.16.24):
    - Whiteboard/Replayer
  - Whiteboard/Object (2.16.24):
    - Whiteboard/Model
  - Whiteboard/Replayer (2.16.24):
    - Whiteboard/Base
  - Whiteboard/Resource (2.16.24)
  - Whiteboard/Room (2.16.24):
    - Whiteboard/Base
  - Whiteboard/SyncPlayer (2.16.24):
    - SyncPlayer
    - Whiteboard/Replayer
  - Whiteboard/Whiteboard-YYModel (2.16.24):
    - Whiteboard/Converter
    - Whiteboard/NativeReplayer
    - Whiteboard/Resource
    - Whiteboard/Room
  - YYModel (1.0.4)

DEPENDENCIES:
  - SnapKit
  - SyncPlayer (from `../`)
  - Whiteboard (from `https://www.github.com/netless-io/Whiteboard-iOS`)
  - Whiteboard/SyncPlayer (from `https://www.github.com/netless-io/Whiteboard-iOS`)

SPEC REPOS:
  trunk:
    - NTLBridge
    - SnapKit
    - YYModel

EXTERNAL SOURCES:
  SyncPlayer:
    :path: "../"
  Whiteboard:
    :git: https://www.github.com/netless-io/Whiteboard-iOS

CHECKOUT OPTIONS:
  Whiteboard:
    :commit: 16551c18e15e6945cd6c70e41daa4fa1dc1cb3fb
    :git: https://www.github.com/netless-io/Whiteboard-iOS

SPEC CHECKSUMS:
  NTLBridge: b3433dc0dbe85c803e92a742328dc3119e331ed3
  SnapKit: e01d52ebb8ddbc333eefe2132acf85c8227d9c25
  SyncPlayer: 946ceedb687c3f2b8fdd2558edae76f3b6568eee
  Whiteboard: 1bb054aa0ec9db5598912978a11b0b5fe7208ffb
  YYModel: 2a7fdd96aaa4b86a824e26d0c517de8928c04b30

PODFILE CHECKSUM: 16f07117bf2f1725c83f935251357a3a50c40fbd

COCOAPODS: 1.11.3
